
Microsoft Visual Studio Solution File, Format Version 12.00
# Visual Studio Version 17
VisualStudioVersion = 17.4.33103.184
MinimumVisualStudioVersion = 10.0.40219.1
Project("{9A19103F-16F7-4668-BE54-9A1E7A4F7556}") = "computerized_sports_course", "computerized_sports_course\computerized_sports_course.csproj", "{239F58B8-CEB9-49AE-8E02-749794373FF1}"
EndProject
Project("{9A19103F-16F7-4668-BE54-9A1E7A4F7556}") = "Repository", "Repository\Repository.csproj", "{B189EB88-6BF4-4B77-A0AA-6E287987824C}"
EndProject
Project("{9A19103F-16F7-4668-BE54-9A1E7A4F7556}") = "Mock", "Mock\Mock.csproj", "{2549F66D-A18C-4CE0-B65E-548D63C27795}"
EndProject
Project("{9A19103F-16F7-4668-BE54-9A1E7A4F7556}") = "Service", "Service1\Service.csproj", "{7AB63F40-2F0C-4DE5-A5F4-9ECA555A5C4C}"
EndProject
Project("{FAE04EC0-301F-11D3-BF4B-00C04F79EFBC}") = "common", "ClassLibrary2\common.csproj", "{5E5124FD-A745-43C6-A3C1-2B24B75B0547}"
EndProject
Global
	GlobalSection(SolutionConfigurationPlatforms) = preSolution
		Debug|Any CPU = Debug|Any CPU
		Release|Any CPU = Release|Any CPU
	EndGlobalSection
	GlobalSection(ProjectConfigurationPlatforms) = postSolution
		{239F58B8-CEB9-49AE-8E02-749794373FF1}.Debug|Any CPU.ActiveCfg = Debug|Any CPU
		{239F58B8-CEB9-49AE-8E02-749794373FF1}.Debug|Any CPU.Build.0 = Debug|Any CPU
		{239F58B8-CEB9-49AE-8E02-749794373FF1}.Release|Any CPU.ActiveCfg = Release|Any CPU
		{239F58B8-CEB9-49AE-8E02-749794373FF1}.Release|Any CPU.Build.0 = Release|Any CPU
		{B189EB88-6BF4-4B77-A0AA-6E287987824C}.Debug|Any CPU.ActiveCfg = Debug|Any CPU
		{B189EB88-6BF4-4B77-A0AA-6E287987824C}.Debug|Any CPU.Build.0 = Debug|Any CPU
		{B189EB88-6BF4-4B77-A0AA-6E287987824C}.Release|Any CPU.ActiveCfg = Release|Any CPU
		{B189EB88-6BF4-4B77-A0AA-6E287987824C}.Release|Any CPU.Build.0 = Release|Any CPU
		{2549F66D-A18C-4CE0-B65E-548D63C27795}.Debug|Any CPU.ActiveCfg = Debug|Any CPU
		{2549F66D-A18C-4CE0-B65E-548D63C27795}.Debug|Any CPU.Build.0 = Debug|Any CPU
		{2549F66D-A18C-4CE0-B65E-548D63C27795}.Release|Any CPU.ActiveCfg = Release|Any CPU
		{2549F66D-A18C-4CE0-B65E-548D63C27795}.Release|Any CPU.Build.0 = Release|Any CPU
		{7AB63F40-2F0C-4DE5-A5F4-9ECA555A5C4C}.Debug|Any CPU.ActiveCfg = Debug|Any CPU
		{7AB63F40-2F0C-4DE5-A5F4-9ECA555A5C4C}.Debug|Any CPU.Build.0 = Debug|Any CPU
		{7AB63F40-2F0C-4DE5-A5F4-9ECA555A5C4C}.Release|Any CPU.ActiveCfg = Release|Any CPU
		{7AB63F40-2F0C-4DE5-A5F4-9ECA555A5C4C}.Release|Any CPU.Build.0 = Release|Any CPU
		{5E5124FD-A745-43C6-A3C1-2B24B75B0547}.Debug|Any CPU.ActiveCfg = Debug|Any CPU
		{5E5124FD-A745-43C6-A3C1-2B24B75B0547}.Debug|Any CPU.Build.0 = Debug|Any CPU
		{5E5124FD-A745-43C6-A3C1-2B24B75B0547}.Release|Any CPU.ActiveCfg = Release|Any CPU
		{5E5124FD-A745-43C6-A3C1-2B24B75B0547}.Release|Any CPU.Build.0 = Release|Any CPU
	EndGlobalSection
	GlobalSection(SolutionProperties) = preSolution
		HideSolutionNode = FALSE
	EndGlobalSection
	GlobalSection(ExtensibilityGlobals) = postSolution
		SolutionGuid = {9E2873B4-4254-4BF8-8D17-F03B9BA45A5D}
	EndGlobalSection
EndGlobal
